// !$*UTF8*$!
{
	archiveVersion = 1;
	classes = {
	};
	objectVersion = 50;
	objects = {

/* Begin PBXBuildFile section */
		9371227925021B06004F250F /* AppDelegate.swift in Sources */ = {isa = PBXBuildFile; fileRef = 9371227825021B06004F250F /* AppDelegate.swift */; };
		9371227B25021B06004F250F /* SceneDelegate.swift in Sources */ = {isa = PBXBuildFile; fileRef = 9371227A25021B06004F250F /* SceneDelegate.swift */; };
		9371227D25021B06004F250F /* ViewController.swift in Sources */ = {isa = PBXBuildFile; fileRef = 9371227C25021B06004F250F /* ViewController.swift */; };
		9371228025021B06004F250F /* Main.storyboard in Resources */ = {isa = PBXBuildFile; fileRef = 9371227E25021B06004F250F /* Main.storyboard */; };
		9371228225021B0A004F250F /* Assets.xcassets in Resources */ = {isa = PBXBuildFile; fileRef = 9371228125021B0A004F250F /* Assets.xcassets */; };
		9371228525021B0A004F250F /* LaunchScreen.storyboard in Resources */ = {isa = PBXBuildFile; fileRef = 9371228325021B0A004F250F /* LaunchScreen.storyboard */; };
		9371229125021D3B004F250F /* EndPointConnect.swift in Sources */ = {isa = PBXBuildFile; fileRef = 9371229025021D3B004F250F /* EndPointConnect.swift */; };
/* End PBXBuildFile section */

/* Begin PBXFileReference section */
		9371227525021B06004F250F /* customer.app */ = {isa = PBXFileReference; explicitFileType = wrapper.application; includeInIndex = 0; path = customer.app; sourceTree = BUILT_PRODUCTS_DIR; };
		9371227825021B06004F250F /* AppDelegate.swift */ = {isa = PBXFileReference; lastKnownFileType = sourcecode.swift; path = AppDelegate.swift; sourceTree = "<group>"; };
		9371227A25021B06004F250F /* SceneDelegate.swift */ = {isa = PBXFileReference; lastKnownFileType = sourcecode.swift; path = SceneDelegate.swift; sourceTree = "<group>"; };
		9371227C25021B06004F250F /* ViewController.swift */ = {isa = PBXFileReference; lastKnownFileType = sourcecode.swift; path = ViewController.swift; sourceTree = "<group>"; };
		9371227F25021B06004F250F /* Base */ = {isa = PBXFileReference; lastKnownFileType = file.storyboard; name = Base; path = Base.lproj/Main.storyboard; sourceTree = "<group>"; };
		9371228125021B0A004F250F /* Assets.xcassets */ = {isa = PBXFileReference; lastKnownFileType = folder.assetcatalog; path = Assets.xcassets; sourceTree = "<group>"; };
		9371228425021B0A004F250F /* Base */ = {isa = PBXFileReference; lastKnownFileType = file.storyboard; name = Base; path = Base.lproj/LaunchScreen.storyboard; sourceTree = "<group>"; };
		9371228625021B0A004F250F /* Info.plist */ = {isa = PBXFileReference; lastKnownFileType = text.plist.xml; path = Info.plist; sourceTree = "<group>"; };
		9371229025021D3B004F250F /* EndPointConnect.swift */ = {isa = PBXFileReference; lastKnownFileType = sourcecode.swift; path = EndPointConnect.swift; sourceTree = "<group>"; };
/* End PBXFileReference section */

/* Begin PBXFrameworksBuildPhase section */
		9371227225021B06004F250F /* Frameworks */ = {
			isa = PBXFrameworksBuildPhase;
			buildActionMask = 2147483647;
			files = (
			);
			runOnlyForDeploymentPostprocessing = 0;
		};
/* End PBXFrameworksBuildPhase section */

/* Begin PBXGroup section */
		9371226C25021B06004F250F = {
			isa = PBXGroup;
			children = (
				9371227725021B06004F250F /* customer */,
				9371227625021B06004F250F /* Products */,
			);
			sourceTree = "<group>";
		};
		9371227625021B06004F250F /* Products */ = {
			isa = PBXGroup;
			children = (
				9371227525021B06004F250F /* customer.app */,
			);
			name = Products;
			sourceTree = "<group>";
		};
		9371227725021B06004F250F /* customer */ = {
			isa = PBXGroup;
			children = (
				9371228C25021B6E004F250F /* Model */,
				9371227825021B06004F250F /* AppDelegate.swift */,
				9371227A25021B06004F250F /* SceneDelegate.swift */,
				9371227C25021B06004F250F /* ViewController.swift */,
				9371227E25021B06004F250F /* Main.storyboard */,
				9371228125021B0A004F250F /* Assets.xcassets */,
				9371228325021B0A004F250F /* LaunchScreen.storyboard */,
				9371228625021B0A004F250F /* Info.plist */,
			);
			path = customer;
			sourceTree = "<group>";
		};
		9371228C25021B6E004F250F /* Model */ = {
			isa = PBXGroup;
			children = (
				9371228D25021B77004F250F /* API */,
			);
			path = Model;
			sourceTree = "<group>";
		};
		9371228D25021B77004F250F /* API */ = {
			isa = PBXGroup;
			children = (
				9371229025021D3B004F250F /* EndPointConnect.swift */,
			);
			path = API;
			sourceTree = "<group>";
		};
/* End PBXGroup section */

/* Begin PBXNativeTarget section */
		9371227425021B06004F250F /* customer */ = {
			isa = PBXNativeTarget;
			buildConfigurationList = 9371228925021B0A004F250F /* Build configuration list for PBXNativeTarget "customer" */;
			buildPhases = (
				9371227125021B06004F250F /* Sources */,
				9371227225021B06004F250F /* Frameworks */,
				9371227325021B06004F250F /* Resources */,
			);
			buildRules = (
			);
			dependencies = (
			);
			name = customer;
			productName = customer;
			productReference = 9371227525021B06004F250F /* customer.app */;
			productType = "com.apple.product-type.application";
		};
/* End PBXNativeTarget section */

/* Begin PBXProject section */
		9371226D25021B06004F250F /* Project object */ = {
			isa = PBXProject;
			attributes = {
				LastSwiftUpdateCheck = 1130;
				LastUpgradeCheck = 1130;
				ORGANIZATIONNAME = Estudiantes;
				TargetAttributes = {
					9371227425021B06004F250F = {
						CreatedOnToolsVersion = 11.3.1;
					};
				};
			};
			buildConfigurationList = 9371227025021B06004F250F /* Build configuration list for PBXProject "customer" */;
			compatibilityVersion = "Xcode 9.3";
			developmentRegion = en;
			hasScannedForEncodings = 0;
			knownRegions = (
				en,
				Base,
			);
			mainGroup = 9371226C25021B06004F250F;
			productRefGroup = 9371227625021B06004F250F /* Products */;
			projectDirPath = "";
			projectRoot = "";
			targets = (
				9371227425021B06004F250F /* customer */,
			);
		};
/* End PBXProject section */

/* Begin PBXResourcesBuildPhase section */
		9371227325021B06004F250F /* Resources */ = {
			isa = PBXResourcesBuildPhase;
			buildActionMask = 2147483647;
			files = (
				9371228525021B0A004F250F /* LaunchScreen.storyboard in Resources */,
				9371228225021B0A004F250F /* Assets.xcassets in Resources */,
				9371228025021B06004F250F /* Main.storyboard in Resources */,
			);
			runOnlyForDeploymentPostprocessing = 0;
		};
/* End PBXResourcesBuildPhase section */

/* Begin PBXSourcesBuildPhase section */
		9371227125021B06004F250F /* Sources */ = {
			isa = PBXSourcesBuildPhase;
			buildActionMask = 2147483647;
			files = (
				9371227D25021B06004F250F /* ViewController.swift in Sources */,
				9371227925021B06004F250F /* AppDelegate.swift in Sources */,
				9371227B25021B06004F250F /* SceneDelegate.swift in Sources */,
				9371229125021D3B004F250F /* EndPointConnect.swift in Sources */,
			);
			runOnlyForDeploymentPostprocessing = 0;
		};
/* End PBXSourcesBuildPhase section */

/* Begin PBXVariantGroup section */
		9371227E25021B06004F250F /* Main.storyboard */ = {
			isa = PBXVariantGroup;
			children = (
				9371227F25021B06004F250F /* Base */,
			);
			name = Main.storyboard;
			sourceTree = "<group>";
		};
		9371228325021B0A004F250F /* LaunchScreen.storyboard */ = {
			isa = PBXVariantGroup;
			children = (
				9371228425021B0A004F250F /* Base */,
			);
			name = LaunchScreen.storyboard;
			sourceTree = "<group>";
		};
/* End PBXVariantGroup section */

/* Begin XCBuildConfiguration section */
		9371228725021B0A004F250F /* Debug */ = {
			isa = XCBuildConfiguration;
			buildSettings = {
				ALWAYS_SEARCH_USER_PATHS = NO;
				CLANG_ANALYZER_NONNULL = YES;
				CLANG_ANALYZER_NUMBER_OBJECT_CONVERSION = YES_AGGRESSIVE;
				CLANG_CXX_LANGUAGE_STANDARD = "gnu++14";
				CLANG_CXX_LIBRARY = "libc++";
				CLANG_ENABLE_MODULES = YES;
				CLANG_ENABLE_OBJC_ARC = YES;
				CLANG_ENABLE_OBJC_WEAK = YES;
				CLANG_WARN_BLOCK_CAPTURE_AUTORELEASING = YES;
				CLANG_WARN_BOOL_CONVERSION = YES;
				CLANG_WARN_COMMA = YES;
				CLANG_WARN_CONSTANT_CONVERSION = YES;
				CLANG_WARN_DEPRECATED_OBJC_IMPLEMENTATIONS = YES;
				CLANG_WARN_DIRECT_OBJC_ISA_USAGE = YES_ERROR;
				CLANG_WARN_DOCUMENTATION_COMMENTS = YES;
				CLANG_WARN_EMPTY_BODY = YES;
				CLANG_WARN_ENUM_CONVERSION = YES;
				CLANG_WARN_INFINITE_RECURSION = YES;
				CLANG_WARN_INT_CONVERSION = YES;
				CLANG_WARN_NON_LITERAL_NULL_CONVERSION = YES;
				CLANG_WARN_OBJC_IMPLICIT_RETAIN_SELF = YES;
				CLANG_WARN_OBJC_LITERAL_CONVERSION = YES;
				CLANG_WARN_OBJC_ROOT_CLASS = YES_ERROR;
				CLANG_WARN_RANGE_LOOP_ANALYSIS = YES;
				CLANG_WARN_STRICT_PROTOTYPES = YES;
				CLANG_WARN_SUSPICIOUS_MOVE = YES;
				CLANG_WARN_UNGUARDED_AVAILABILITY = YES_AGGRESSIVE;
				CLANG_WARN_UNREACHABLE_CODE = YES;
				CLANG_WARN__DUPLICATE_METHOD_MATCH = YES;
				COPY_PHASE_STRIP = NO;
				DEBUG_INFORMATION_FORMAT = dwarf;
				ENABLE_STRICT_OBJC_MSGSEND = YES;
				ENABLE_TESTABILITY = YES;
				GCC_C_LANGUAGE_STANDARD = gnu11;
				GCC_DYNAMIC_NO_PIC = NO;
				GCC_NO_COMMON_BLOCKS = YES;
				GCC_OPTIMIZATION_LEVEL = 0;
				GCC_PREPROCESSOR_DEFINITIONS = (
					"DEBUG=1",
					"$(inherited)",
				);
				GCC_WARN_64_TO_32_BIT_CONVERSION = YES;
				GCC_WARN_ABOUT_RETURN_TYPE = YES_ERROR;
				GCC_WARN_UNDECLARED_SELECTOR = YES;
				GCC_WARN_UNINITIALIZED_AUTOS = YES_AGGRESSIVE;
				GCC_WARN_UNUSED_FUNCTION = YES;
				GCC_WARN_UNUSED_VARIABLE = YES;
				IPHONEOS_DEPLOYMENT_TARGET = 13.2;
				MTL_ENABLE_DEBUG_INFO = INCLUDE_SOURCE;
				MTL_FAST_MATH = YES;
				ONLY_ACTIVE_ARCH = YES;
				SDKROOT = iphoneos;
				SWIFT_ACTIVE_COMPILATION_CONDITIONS = DEBUG;
				SWIFT_OPTIMIZATION_LEVEL = "-Onone";
			};
			name = Debug;
		};
		9371228825021B0A004F250F /* Release */ = {
			isa = XCBuildConfiguration;
			buildSettings = {
				ALWAYS_SEARCH_USER_PATHS = NO;
				CLANG_ANALYZER_NONNULL = YES;
				CLANG_ANALYZER_NUMBER_OBJECT_CONVERSION = YES_AGGRESSIVE;
				CLANG_CXX_LANGUAGE_STANDARD = "gnu++14";
				CLANG_CXX_LIBRARY = "libc++";
				CLANG_ENABLE_MODULES = YES;
				CLANG_ENABLE_OBJC_ARC = YES;
				CLANG_ENABLE_OBJC_WEAK = YES;
				CLANG_WARN_BLOCK_CAPTURE_AUTORELEASING = YES;
				CLANG_WARN_BOOL_CONVERSION = YES;
				CLANG_WARN_COMMA = YES;
				CLANG_WARN_CONSTANT_CONVERSION = YES;
				CLANG_WARN_DEPRECATED_OBJC_IMPLEMENTATIONS = YES;
				CLANG_WARN_DIRECT_OBJC_ISA_USAGE = YES_ERROR;
				CLANG_WARN_DOCUMENTATION_COMMENTS = YES;
				CLANG_WARN_EMPTY_BODY = YES;
				CLANG_WARN_ENUM_CONVERSION = YES;
				CLANG_WARN_INFINITE_RECURSION = YES;
				CLANG_WARN_INT_CONVERSION = YES;
				CLANG_WARN_NON_LITERAL_NULL_CONVERSION = YES;
				CLANG_WARN_OBJC_IMPLICIT_RETAIN_SELF = YES;
				CLANG_WARN_OBJC_LITERAL_CONVERSION = YES;
				CLANG_WARN_OBJC_ROOT_CLASS = YES_ERROR;
				CLANG_WARN_RANGE_LOOP_ANALYSIS = YES;
				CLANG_WARN_STRICT_PROTOTYPES = YES;
				CLANG_WARN_SUSPICIOUS_MOVE = YES;
				CLANG_WARN_UNGUARDED_AVAILABILITY = YES_AGGRESSIVE;
				CLANG_WARN_UNREACHABLE_CODE = YES;
				CLANG_WARN__DUPLICATE_METHOD_MATCH = YES;
				COPY_PHASE_STRIP = NO;
				DEBUG_INFORMATION_FORMAT = "dwarf-with-dsym";
				ENABLE_NS_ASSERTIONS = NO;
				ENABLE_STRICT_OBJC_MSGSEND = YES;
				GCC_C_LANGUAGE_STANDARD = gnu11;
				GCC_NO_COMMON_BLOCKS = YES;
				GCC_WARN_64_TO_32_BIT_CONVERSION = YES;
				GCC_WARN_ABOUT_RETURN_TYPE = YES_ERROR;
				GCC_WARN_UNDECLARED_SELECTOR = YES;
				GCC_WARN_UNINITIALIZED_AUTOS = YES_AGGRESSIVE;
				GCC_WARN_UNUSED_FUNCTION = YES;
				GCC_WARN_UNUSED_VARIABLE = YES;
				IPHONEOS_DEPLOYMENT_TARGET = 13.2;
				MTL_ENABLE_DEBUG_INFO = NO;
				MTL_FAST_MATH = YES;
				SDKROOT = iphoneos;
				SWIFT_COMPILATION_MODE = wholemodule;
				SWIFT_OPTIMIZATION_LEVEL = "-O";
				VALIDATE_PRODUCT = YES;
			};
			name = Release;
		};
		9371228A25021B0A004F250F /* Debug */ = {
			isa = XCBuildConfiguration;
			buildSettings = {
				ASSETCATALOG_COMPILER_APPICON_NAME = AppIcon;
				CODE_SIGN_STYLE = Automatic;
				INFOPLIST_FILE = customer/Info.plist;
				LD_RUNPATH_SEARCH_PATHS = (
					"$(inherited)",
					"@executable_path/Frameworks",
				);
				PRODUCT_BUNDLE_IDENTIFIER = com.apptitudecr.customer;
				PRODUCT_NAME = "$(TARGET_NAME)";
				SWIFT_VERSION = 5.0;
				TARGETED_DEVICE_FAMILY = "1,2";
			};
			name = Debug;
		};
		9371228B25021B0A004F250F /* Release */ = {
			isa = XCBuildConfiguration;
			buildSettings = {
				ASSETCATALOG_COMPILER_APPICON_NAME = AppIcon;
				CODE_SIGN_STYLE = Automatic;
				INFOPLIST_FILE = customer/Info.plist;
				LD_RUNPATH_SEARCH_PATHS = (
					"$(inherited)",
					"@executable_path/Frameworks",
				);
				PRODUCT_BUNDLE_IDENTIFIER = com.apptitudecr.customer;
				PRODUCT_NAME = "$(TARGET_NAME)";
				SWIFT_VERSION = 5.0;
				TARGETED_DEVICE_FAMILY = "1,2";
			};
			name = Release;
		};
/* End XCBuildConfiguration section */

/* Begin XCConfigurationList section */
		9371227025021B06004F250F /* Build configuration list for PBXProject "customer" */ = {
			isa = XCConfigurationList;
			buildConfigurations = (
				9371228725021B0A004F250F /* Debug */,
				9371228825021B0A004F250F /* Release */,
			);
			defaultConfigurationIsVisible = 0;
			defaultConfigurationName = Release;
		};
		9371228925021B0A004F250F /* Build configuration list for PBXNativeTarget "customer" */ = {
			isa = XCConfigurationList;
			buildConfigurations = (
				9371228A25021B0A004F250F /* Debug */,
				9371228B25021B0A004F250F /* Release */,
			);
			defaultConfigurationIsVisible = 0;
			defaultConfigurationName = Release;
		};
/* End XCConfigurationList section */
	};
	rootObject = 9371226D25021B06004F250F /* Project object */;
}
